
Microsoft Visual Studio Solution File, Format Version 12.00
# Visual Studio Version 17
VisualStudioVersion = 17.0.31903.59
MinimumVisualStudioVersion = 10.0.40219.1
Project("{FAE04EC0-301F-11D3-BF4B-00C04F79EFBC}") = "API", "API\API.csproj", "{EE3D41F1-C2F7-44B3-A935-75D68152718B}"
EndProject
Project("{FAE04EC0-301F-11D3-BF4B-00C04F79EFBC}") = "Core", "Core\Core.csproj", "{4AB4E45D-1C73-47CE-826E-BCB8F7DE54E0}"
EndProject
Project("{FAE04EC0-301F-11D3-BF4B-00C04F79EFBC}") = "Infrastructure", "Infrastructure\Infrastructure.csproj", "{1F014798-5638-449C-B789-ADA9A7F7B07A}"
EndProject
Global
	GlobalSection(SolutionConfigurationPlatforms) = preSolution
		Debug|Any CPU = Debug|Any CPU
		Release|Any CPU = Release|Any CPU
	EndGlobalSection
	GlobalSection(SolutionProperties) = preSolution
		HideSolutionNode = FALSE
	EndGlobalSection
	GlobalSection(ProjectConfigurationPlatforms) = postSolution
		{EE3D41F1-C2F7-44B3-A935-75D68152718B}.Debug|Any CPU.ActiveCfg = Debug|Any CPU
		{EE3D41F1-C2F7-44B3-A935-75D68152718B}.Debug|Any CPU.Build.0 = Debug|Any CPU
		{EE3D41F1-C2F7-44B3-A935-75D68152718B}.Release|Any CPU.ActiveCfg = Release|Any CPU
		{EE3D41F1-C2F7-44B3-A935-75D68152718B}.Release|Any CPU.Build.0 = Release|Any CPU
		{4AB4E45D-1C73-47CE-826E-BCB8F7DE54E0}.Debug|Any CPU.ActiveCfg = Debug|Any CPU
		{4AB4E45D-1C73-47CE-826E-BCB8F7DE54E0}.Debug|Any CPU.Build.0 = Debug|Any CPU
		{4AB4E45D-1C73-47CE-826E-BCB8F7DE54E0}.Release|Any CPU.ActiveCfg = Release|Any CPU
		{4AB4E45D-1C73-47CE-826E-BCB8F7DE54E0}.Release|Any CPU.Build.0 = Release|Any CPU
		{1F014798-5638-449C-B789-ADA9A7F7B07A}.Debug|Any CPU.ActiveCfg = Debug|Any CPU
		{1F014798-5638-449C-B789-ADA9A7F7B07A}.Debug|Any CPU.Build.0 = Debug|Any CPU
		{1F014798-5638-449C-B789-ADA9A7F7B07A}.Release|Any CPU.ActiveCfg = Release|Any CPU
		{1F014798-5638-449C-B789-ADA9A7F7B07A}.Release|Any CPU.Build.0 = Release|Any CPU
	EndGlobalSection
EndGlobal
